
Microsoft Visual Studio Solution File, Format Version 12.00
# Visual Studio Version 17
VisualStudioVersion = 17.5.33516.290
MinimumVisualStudioVersion = 10.0.40219.1
Project("{FAE04EC0-301F-11D3-BF4B-00C04F79EFBC}") = "Loyalty.Auth.API", "Loyalty.Auth.API\Loyalty.Auth.API.csproj", "{842D5B10-9C01-4D81-944A-0019ED56813B}"
EndProject
Global
	GlobalSection(SolutionConfigurationPlatforms) = preSolution
		Debug|Any CPU = Debug|Any CPU
		Release|Any CPU = Release|Any CPU
	EndGlobalSection
	GlobalSection(ProjectConfigurationPlatforms) = postSolution
		{842D5B10-9C01-4D81-944A-0019ED56813B}.Debug|Any CPU.ActiveCfg = Debug|Any CPU
		{842D5B10-9C01-4D81-944A-0019ED56813B}.Debug|Any CPU.Build.0 = Debug|Any CPU
		{842D5B10-9C01-4D81-944A-0019ED56813B}.Release|Any CPU.ActiveCfg = Release|Any CPU
		{842D5B10-9C01-4D81-944A-0019ED56813B}.Release|Any CPU.Build.0 = Release|Any CPU
	EndGlobalSection
	GlobalSection(SolutionProperties) = preSolution
		HideSolutionNode = FALSE
	EndGlobalSection
	GlobalSection(ExtensibilityGlobals) = postSolution
		SolutionGuid = {8B0104CA-D73F-47BB-BC3E-930B5E5D0313}
	EndGlobalSection
EndGlobal
